
Microsoft Visual Studio Solution File, Format Version 12.00
# Visual Studio Express 2013 for Windows Desktop
VisualStudioVersion = 12.0.21005.1
MinimumVisualStudioVersion = 10.0.40219.1
Project("{8BC9CEB8-8B4A-11D0-8D11-00A0C91BC942}") = "TpmForIotTst", "TpmForIotTst\TpmForIotTst.vcxproj", "{A2E1EB68-D369-4FF3-ADFA-946B04CB4CEF}"
	ProjectSection(ProjectDependencies) = postProject
		{9CF79696-FE18-47D8-BEB6-75C6D90124D9} = {9CF79696-FE18-47D8-BEB6-75C6D90124D9}
	EndProjectSection
EndProject
Project("{8BC9CEB8-8B4A-11D0-8D11-00A0C91BC942}") = "TSS.CPP", "TSS.MSR.CPP\Src\TSS.CPP.vcxproj", "{9CF79696-FE18-47D8-BEB6-75C6D90124D9}"
EndProject
Project("{8BC9CEB8-8B4A-11D0-8D11-00A0C91BC942}") = "IotPolicyKeys", "IotPolicyKeys\IotPolicyKeys.vcxproj", "{878218D2-E834-4738-9992-EE4F0CFB46D3}"
EndProject
Global
	GlobalSection(SolutionConfigurationPlatforms) = preSolution
		Debug|Mixed Platforms = Debug|Mixed Platforms
		Debug|Win32 = Debug|Win32
		Debug|x64 = Debug|x64
		Debug|x86 = Debug|x86
		Release|Mixed Platforms = Release|Mixed Platforms
		Release|Win32 = Release|Win32
		Release|x64 = Release|x64
		Release|x86 = Release|x86
	EndGlobalSection
	GlobalSection(ProjectConfigurationPlatforms) = postSolution
		{A2E1EB68-D369-4FF3-ADFA-946B04CB4CEF}.Debug|Mixed Platforms.ActiveCfg = Debug|Win32
		{A2E1EB68-D369-4FF3-ADFA-946B04CB4CEF}.Debug|Mixed Platforms.Build.0 = Debug|Win32
		{A2E1EB68-D369-4FF3-ADFA-946B04CB4CEF}.Debug|Win32.ActiveCfg = Debug|Win32
		{A2E1EB68-D369-4FF3-ADFA-946B04CB4CEF}.Debug|Win32.Build.0 = Debug|Win32
		{A2E1EB68-D369-4FF3-ADFA-946B04CB4CEF}.Debug|x64.ActiveCfg = Debug|x64
		{A2E1EB68-D369-4FF3-ADFA-946B04CB4CEF}.Debug|x64.Build.0 = Debug|x64
		{A2E1EB68-D369-4FF3-ADFA-946B04CB4CEF}.Debug|x86.ActiveCfg = Debug|x64
		{A2E1EB68-D369-4FF3-ADFA-946B04CB4CEF}.Debug|x86.Build.0 = Debug|x64
		{A2E1EB68-D369-4FF3-ADFA-946B04CB4CEF}.Release|Mixed Platforms.ActiveCfg = Release|Win32
		{A2E1EB68-D369-4FF3-ADFA-946B04CB4CEF}.Release|Mixed Platforms.Build.0 = Release|Win32
		{A2E1EB68-D369-4FF3-ADFA-946B04CB4CEF}.Release|Win32.ActiveCfg = Release|Win32
		{A2E1EB68-D369-4FF3-ADFA-946B04CB4CEF}.Release|Win32.Build.0 = Release|Win32
		{A2E1EB68-D369-4FF3-ADFA-946B04CB4CEF}.Release|x64.ActiveCfg = Release|x64
		{A2E1EB68-D369-4FF3-ADFA-946B04CB4CEF}.Release|x64.Build.0 = Release|x64
		{A2E1EB68-D369-4FF3-ADFA-946B04CB4CEF}.Release|x86.ActiveCfg = Release|Win32
		{A2E1EB68-D369-4FF3-ADFA-946B04CB4CEF}.Release|x86.Build.0 = Release|Win32
		{9CF79696-FE18-47D8-BEB6-75C6D90124D9}.Debug|Mixed Platforms.ActiveCfg = Debug|Win32
		{9CF79696-FE18-47D8-BEB6-75C6D90124D9}.Debug|Mixed Platforms.Build.0 = Debug|Win32
		{9CF79696-FE18-47D8-BEB6-75C6D90124D9}.Debug|Win32.ActiveCfg = Debug|Win32
		{9CF79696-FE18-47D8-BEB6-75C6D90124D9}.Debug|Win32.Build.0 = Debug|Win32
		{9CF79696-FE18-47D8-BEB6-75C6D90124D9}.Debug|x64.ActiveCfg = Debug|x64
		{9CF79696-FE18-47D8-BEB6-75C6D90124D9}.Debug|x64.Build.0 = Debug|x64
		{9CF79696-FE18-47D8-BEB6-75C6D90124D9}.Debug|x86.ActiveCfg = Debug|Win32
		{9CF79696-FE18-47D8-BEB6-75C6D90124D9}.Debug|x86.Build.0 = Debug|Win32
		{9CF79696-FE18-47D8-BEB6-75C6D90124D9}.Release|Mixed Platforms.ActiveCfg = Release|Win32
		{9CF79696-FE18-47D8-BEB6-75C6D90124D9}.Release|Mixed Platforms.Build.0 = Release|Win32
		{9CF79696-FE18-47D8-BEB6-75C6D90124D9}.Release|Win32.ActiveCfg = Release|Win32
		{9CF79696-FE18-47D8-BEB6-75C6D90124D9}.Release|Win32.Build.0 = Release|Win32
		{9CF79696-FE18-47D8-BEB6-75C6D90124D9}.Release|x64.ActiveCfg = Release|x64
		{9CF79696-FE18-47D8-BEB6-75C6D90124D9}.Release|x64.Build.0 = Release|x64
		{9CF79696-FE18-47D8-BEB6-75C6D90124D9}.Release|x86.ActiveCfg = Release|Win32
		{9CF79696-FE18-47D8-BEB6-75C6D90124D9}.Release|x86.Build.0 = Release|Win32
		{878218D2-E834-4738-9992-EE4F0CFB46D3}.Debug|Mixed Platforms.ActiveCfg = Debug|Win32
		{878218D2-E834-4738-9992-EE4F0CFB46D3}.Debug|Mixed Platforms.Build.0 = Debug|Win32
		{878218D2-E834-4738-9992-EE4F0CFB46D3}.Debug|Win32.ActiveCfg = Debug|Win32
		{878218D2-E834-4738-9992-EE4F0CFB46D3}.Debug|Win32.Build.0 = Debug|Win32
		{878218D2-E834-4738-9992-EE4F0CFB46D3}.Debug|x64.ActiveCfg = Debug|x64
		{878218D2-E834-4738-9992-EE4F0CFB46D3}.Debug|x64.Build.0 = Debug|x64
		{878218D2-E834-4738-9992-EE4F0CFB46D3}.Debug|x86.ActiveCfg = Debug|Win32
		{878218D2-E834-4738-9992-EE4F0CFB46D3}.Debug|x86.Build.0 = Debug|Win32
		{878218D2-E834-4738-9992-EE4F0CFB46D3}.Release|Mixed Platforms.ActiveCfg = Release|Win32
		{878218D2-E834-4738-9992-EE4F0CFB46D3}.Release|Mixed Platforms.Build.0 = Release|Win32
		{878218D2-E834-4738-9992-EE4F0CFB46D3}.Release|Win32.ActiveCfg = Release|Win32
		{878218D2-E834-4738-9992-EE4F0CFB46D3}.Release|Win32.Build.0 = Release|Win32
		{878218D2-E834-4738-9992-EE4F0CFB46D3}.Release|x64.ActiveCfg = Release|x64
		{878218D2-E834-4738-9992-EE4F0CFB46D3}.Release|x64.Build.0 = Release|x64
		{878218D2-E834-4738-9992-EE4F0CFB46D3}.Release|x86.ActiveCfg = Release|Win32
		{878218D2-E834-4738-9992-EE4F0CFB46D3}.Release|x86.Build.0 = Release|Win32
	EndGlobalSection
	GlobalSection(SolutionProperties) = preSolution
		HideSolutionNode = FALSE
	EndGlobalSection
EndGlobal
